{
  "name": "ubnt-tools-dns-manager",
  "lockfileVersion": 3,
  "requires": true,
  "packages": {
    "": {
      "dependencies": {
        "@angular/animations": "^16.2.3",
        "@angular/forms": "^16.2.3",
        "@angular/router": "^16.2.3",
        "@cds/core": "^6.6.2",
        "@clr/angular": "^15.12.0",
        "@clr/ui": "^15.12.0"
      }
    },
    "node_modules/@angular/animations": {
      "version": "16.2.3",
      "resolved": "https://registry.npmjs.org/@angular/animations/-/animations-16.2.3.tgz",
      "integrity": "sha512-MEjCWjN7RcHNFHkDYB3ZvEQqt94EzwevVXfld6rcOZNwJxcOVyi7+nQQ1YhWLPSW81HF76bpwD3RWWhZpKdXQQ==",
      "dependencies": {
        "tslib": "^2.3.0"
      },
      "engines": {
        "node": "^16.14.0 || >=18.10.0"
      },
      "peerDependencies": {
        "@angular/core": "16.2.3"
      }
    },
    "node_modules/@angular/cdk": {
      "version": "16.2.2",
      "resolved": "https://registry.npmjs.org/@angular/cdk/-/cdk-16.2.2.tgz",
      "integrity": "sha512-luUmeIFuEX4N3EOLhg1DM2hgsR+Is1Qd0a5xflbo30hZFnufppyzjaOvljNYUFtNTD9BaQRXaZDFA2cyTgfzZw==",
      "peer": true,
      "dependencies": {
        "tslib": "^2.3.0"
      },
      "optionalDependencies": {
        "parse5": "^7.1.2"
      },
      "peerDependencies": {
        "@angular/common": "^16.0.0 || ^17.0.0",
        "@angular/core": "^16.0.0 || ^17.0.0",
        "rxjs": "^6.5.3 || ^7.4.0"
      }
    },
    "node_modules/@angular/common": {
      "version": "16.2.3",
      "resolved": "https://registry.npmjs.org/@angular/common/-/common-16.2.3.tgz",
      "integrity": "sha512-hOC2yqISBRAzltuVJQ3CEJxHRp9mWggysp0or5HydbcmvB6WIroECL7U0u36VA95zC9SXnymHA13OwiFPpmahA==",
      "peer": true,
      "dependencies": {
        "tslib": "^2.3.0"
      },
      "engines": {
        "node": "^16.14.0 || >=18.10.0"
      },
      "peerDependencies": {
        "@angular/core": "16.2.3",
        "rxjs": "^6.5.3 || ^7.4.0"
      }
    },
    "node_modules/@angular/core": {
      "version": "16.2.3",
      "resolved": "https://registry.npmjs.org/@angular/core/-/core-16.2.3.tgz",
      "integrity": "sha512-YCzm7Rd2l0Ti0dZ1Mw3OfoQqlLolDN6jBEPy9Ah1s/KB+jKwNK9An3g8A9H6/jQIFwHCtxRad3LYH5ftknNMBQ==",
      "peer": true,
      "dependencies": {
        "tslib": "^2.3.0"
      },
      "engines": {
        "node": "^16.14.0 || >=18.10.0"
      },
      "peerDependencies": {
        "rxjs": "^6.5.3 || ^7.4.0",
        "zone.js": "~0.13.0"
      }
    },
    "node_modules/@angular/forms": {
      "version": "16.2.3",
      "resolved": "https://registry.npmjs.org/@angular/forms/-/forms-16.2.3.tgz",
      "integrity": "sha512-d2ELs3PU4o1Yb89w4X3trD3CFWrDUsuFKs1hyNSYPWqCmcQ+tAfr9mizYPTVPSvee/RPRBqDEa0YTzfVpOvX4Q==",
      "dependencies": {
        "tslib": "^2.3.0"
      },
      "engines": {
        "node": "^16.14.0 || >=18.10.0"
      },
      "peerDependencies": {
        "@angular/common": "16.2.3",
        "@angular/core": "16.2.3",
        "@angular/platform-browser": "16.2.3",
        "rxjs": "^6.5.3 || ^7.4.0"
      }
    },
    "node_modules/@angular/platform-browser": {
      "version": "16.2.3",
      "resolved": "https://registry.npmjs.org/@angular/platform-browser/-/platform-browser-16.2.3.tgz",
      "integrity": "sha512-adWINGgjIMxwbWJhkMwpEfb4FRFMda5X6ahxWQX2E03Nl0kzePI6cvlJqAgp+iBwTkieWeU8BThJk2/rMkS3bw==",
      "peer": true,
      "dependencies": {
        "tslib": "^2.3.0"
      },
      "engines": {
        "node": "^16.14.0 || >=18.10.0"
      },
      "peerDependencies": {
        "@angular/animations": "16.2.3",
        "@angular/common": "16.2.3",
        "@angular/core": "16.2.3"
      },
      "peerDependenciesMeta": {
        "@angular/animations": {
          "optional": true
        }
      }
    },
    "node_modules/@angular/router": {
      "version": "16.2.3",
      "resolved": "https://registry.npmjs.org/@angular/router/-/router-16.2.3.tgz",
      "integrity": "sha512-xjF5v6BzXanPB0VoIxeKXg1DO95nKJ9UjTsmB5ZOufDcqQXE81NAnH7iEKOymvU7aacqrgD467vcDtGNWJdfQQ==",
      "dependencies": {
        "tslib": "^2.3.0"
      },
      "engines": {
        "node": "^16.14.0 || >=18.10.0"
      },
      "peerDependencies": {
        "@angular/common": "16.2.3",
        "@angular/core": "16.2.3",
        "@angular/platform-browser": "16.2.3",
        "rxjs": "^6.5.3 || ^7.4.0"
      }
    },
    "node_modules/@cds/city": {
      "version": "1.1.0",
      "resolved": "https://registry.npmjs.org/@cds/city/-/city-1.1.0.tgz",
      "integrity": "sha512-S9K+Q39BGOghyLHmR0Wdcmu1i1noSUk8HcvMj+3IaohZw02WFd99aPTQDHJeseXrXZP3CNovaSlePI0R11NcFg==",
      "optional": true
    },
    "node_modules/@cds/core": {
      "version": "6.6.2",
      "resolved": "https://registry.npmjs.org/@cds/core/-/core-6.6.2.tgz",
      "integrity": "sha512-y2GpaGqsxcjORFcWqKJoyGk+INOgW+IbP2M/jSmKaSXSsUP8ILviYoT9HcHNe56eCdQrR3l/1z3E2xlLO0rh9g==",
      "dependencies": {
        "lit": "^2.1.3",
        "ramda": "^0.29.0",
        "tslib": "^2.3.1"
      },
      "optionalDependencies": {
        "@cds/city": "^1.1.0",
        "modern-normalize": "1.1.0"
      }
    },
    "node_modules/@clr/angular": {
      "version": "15.12.0",
      "resolved": "https://registry.npmjs.org/@clr/angular/-/angular-15.12.0.tgz",
      "integrity": "sha512-rMIztsI9L8btbx+zONZavkVXm6DsIeHfqN2oWWMoLQg0/Q7HS0mmWZIRlEDJ8PLGl39Fsu5hWS3N1moC5Y3XWA==",
      "dependencies": {
        "tslib": "^2.3.0"
      },
      "peerDependencies": {
        "@angular/cdk": "15 || 16",
        "@angular/common": "15 || 16",
        "@angular/core": "15 || 16",
        "@cds/core": "^5.6.0 || ^6.0.0",
        "@clr/ui": "15.12.0"
      }
    },
    "node_modules/@clr/ui": {
      "version": "15.12.0",
      "resolved": "https://registry.npmjs.org/@clr/ui/-/ui-15.12.0.tgz",
      "integrity": "sha512-YQi1nNH5k323U4EZOzB4dbYzZ1Aei8BFx0PJx1EGEn/RGFRD2w/eTam8LOVJMvNYsHw3c3GmkA8a5pUet7gA0Q=="
    },
    "node_modules/@lit-labs/ssr-dom-shim": {
      "version": "1.1.1",
      "resolved": "https://registry.npmjs.org/@lit-labs/ssr-dom-shim/-/ssr-dom-shim-1.1.1.tgz",
      "integrity": "sha512-kXOeFbfCm4fFf2A3WwVEeQj55tMZa8c8/f9AKHMobQMkzNUfUj+antR3fRPaZJawsa1aZiP/Da3ndpZrwEe4rQ=="
    },
    "node_modules/@lit/reactive-element": {
      "version": "1.6.3",
      "resolved": "https://registry.npmjs.org/@lit/reactive-element/-/reactive-element-1.6.3.tgz",
      "integrity": "sha512-QuTgnG52Poic7uM1AN5yJ09QMe0O28e10XzSvWDz02TJiiKee4stsiownEIadWm8nYzyDAyT+gKzUoZmiWQtsQ==",
      "dependencies": {
        "@lit-labs/ssr-dom-shim": "^1.0.0"
      }
    },
    "node_modules/@types/trusted-types": {
      "version": "2.0.3",
      "resolved": "https://registry.npmjs.org/@types/trusted-types/-/trusted-types-2.0.3.tgz",
      "integrity": "sha512-NfQ4gyz38SL8sDNrSixxU2Os1a5xcdFxipAFxYEuLUlvU2uDwS4NUpsImcf1//SlWItCVMMLiylsxbmNMToV/g=="
    },
    "node_modules/entities": {
      "version": "4.5.0",
      "resolved": "https://registry.npmjs.org/entities/-/entities-4.5.0.tgz",
      "integrity": "sha512-V0hjH4dGPh9Ao5p0MoRY6BVqtwCjhz6vI5LT8AJ55H+4g9/4vbHx1I54fS0XuclLhDHArPQCiMjDxjaL8fPxhw==",
      "optional": true,
      "peer": true,
      "engines": {
        "node": ">=0.12"
      },
      "funding": {
        "url": "https://github.com/fb55/entities?sponsor=1"
      }
    },
    "node_modules/lit": {
      "version": "2.8.0",
      "resolved": "https://registry.npmjs.org/lit/-/lit-2.8.0.tgz",
      "integrity": "sha512-4Sc3OFX9QHOJaHbmTMk28SYgVxLN3ePDjg7hofEft2zWlehFL3LiAuapWc4U/kYwMYJSh2hTCPZ6/LIC7ii0MA==",
      "dependencies": {
        "@lit/reactive-element": "^1.6.0",
        "lit-element": "^3.3.0",
        "lit-html": "^2.8.0"
      }
    },
    "node_modules/lit-element": {
      "version": "3.3.3",
      "resolved": "https://registry.npmjs.org/lit-element/-/lit-element-3.3.3.tgz",
      "integrity": "sha512-XbeRxmTHubXENkV4h8RIPyr8lXc+Ff28rkcQzw3G6up2xg5E8Zu1IgOWIwBLEQsu3cOVFqdYwiVi0hv0SlpqUA==",
      "dependencies": {
        "@lit-labs/ssr-dom-shim": "^1.1.0",
        "@lit/reactive-element": "^1.3.0",
        "lit-html": "^2.8.0"
      }
    },
    "node_modules/lit-html": {
      "version": "2.8.0",
      "resolved": "https://registry.npmjs.org/lit-html/-/lit-html-2.8.0.tgz",
      "integrity": "sha512-o9t+MQM3P4y7M7yNzqAyjp7z+mQGa4NS4CxiyLqFPyFWyc4O+nodLrkrxSaCTrla6M5YOLaT3RpbbqjszB5g3Q==",
      "dependencies": {
        "@types/trusted-types": "^2.0.2"
      }
    },
    "node_modules/modern-normalize": {
      "version": "1.1.0",
      "resolved": "https://registry.npmjs.org/modern-normalize/-/modern-normalize-1.1.0.tgz",
      "integrity": "sha512-2lMlY1Yc1+CUy0gw4H95uNN7vjbpoED7NNRSBHE25nWfLBdmMzFCsPshlzbxHz+gYMcBEUN8V4pU16prcdPSgA==",
      "optional": true,
      "engines": {
        "node": ">=6"
      },
      "funding": {
        "url": "https://github.com/sponsors/sindresorhus"
      }
    },
    "node_modules/parse5": {
      "version": "7.1.2",
      "resolved": "https://registry.npmjs.org/parse5/-/parse5-7.1.2.tgz",
      "integrity": "sha512-Czj1WaSVpaoj0wbhMzLmWD69anp2WH7FXMB9n1Sy8/ZFF9jolSQVMu1Ij5WIyGmcBmhk7EOndpO4mIpihVqAXw==",
      "optional": true,
      "peer": true,
      "dependencies": {
        "entities": "^4.4.0"
      },
      "funding": {
        "url": "https://github.com/inikulin/parse5?sponsor=1"
      }
    },
    "node_modules/ramda": {
      "version": "0.29.0",
      "resolved": "https://registry.npmjs.org/ramda/-/ramda-0.29.0.tgz",
      "integrity": "sha512-BBea6L67bYLtdbOqfp8f58fPMqEwx0doL+pAi8TZyp2YWz8R9G8z9x75CZI8W+ftqhFHCpEX2cRnUUXK130iKA==",
      "funding": {
        "type": "opencollective",
        "url": "https://opencollective.com/ramda"
      }
    },
    "node_modules/rxjs": {
      "version": "7.8.1",
      "resolved": "https://registry.npmjs.org/rxjs/-/rxjs-7.8.1.tgz",
      "integrity": "sha512-AA3TVj+0A2iuIoQkWEK/tqFjBq2j+6PO6Y0zJcvzLAFhEFIO3HL0vls9hWLncZbAAbK0mar7oZ4V079I/qPMxg==",
      "peer": true,
      "dependencies": {
        "tslib": "^2.1.0"
      }
    },
    "node_modules/tslib": {
      "version": "2.6.2",
      "resolved": "https://registry.npmjs.org/tslib/-/tslib-2.6.2.tgz",
      "integrity": "sha512-AEYxH93jGFPn/a2iVAwW87VuUIkR1FVUKB77NwMF7nBTDkDrrT/Hpt/IrCJ0QXhW27jTBDcf5ZY7w6RiqTMw2Q=="
    },
    "node_modules/zone.js": {
      "version": "0.13.1",
      "resolved": "https://registry.npmjs.org/zone.js/-/zone.js-0.13.1.tgz",
      "integrity": "sha512-+bIeDAFEBYuXRuU3qGQvzdPap+N1zjM4KkBAiiQuVVCrHrhjDuY6VkUhNa5+U27+9w0q3fbKiMCbpJ0XzMmSWA==",
      "peer": true,
      "dependencies": {
        "tslib": "^2.3.0"
      }
    }
  }
}
